// !$*UTF8*$!
{
	archiveVersion = 1;
	classes = {
	};
	objectVersion = 46;
	objects = {

/* Begin PBXBuildFile section */
		528237F81D261C6A00DA0804 /* DTDownloader.m in Sources */ = {isa = PBXBuildFile; fileRef = 528237F71D261C6A00DA0804 /* DTDownloader.m */; settings = {COMPILER_FLAGS = "-fno-objc-arc"; }; };
		529666521D25170900C3B7CE /* DTFileAttribute.m in Sources */ = {isa = PBXBuildFile; fileRef = 5296664B1D25170900C3B7CE /* DTFileAttribute.m */; settings = {COMPILER_FLAGS = "-fno-objc-arc"; }; };
		529666531D25170900C3B7CE /* DTFileController+ALAssetsLibrary.m in Sources */ = {isa = PBXBuildFile; fileRef = 5296664D1D25170900C3B7CE /* DTFileController+ALAssetsLibrary.m */; settings = {COMPILER_FLAGS = "-fno-objc-arc"; }; };
		529666541D25170900C3B7CE /* DTFileController+EXIF.m in Sources */ = {isa = PBXBuildFile; fileRef = 5296664F1D25170900C3B7CE /* DTFileController+EXIF.m */; settings = {COMPILER_FLAGS = "-fno-objc-arc"; }; };
		529666551D25170900C3B7CE /* DTFileController.m in Sources */ = {isa = PBXBuildFile; fileRef = 529666511D25170900C3B7CE /* DTFileController.m */; settings = {COMPILER_FLAGS = "-fno-objc-arc"; }; };
		52A2724C1D24EA5D0085D127 /* main.m in Sources */ = {isa = PBXBuildFile; fileRef = 52A2724B1D24EA5D0085D127 /* main.m */; };
		52A2724F1D24EA5D0085D127 /* AppDelegate.m in Sources */ = {isa = PBXBuildFile; fileRef = 52A2724E1D24EA5D0085D127 /* AppDelegate.m */; };
		52A272521D24EA5D0085D127 /* ViewController.m in Sources */ = {isa = PBXBuildFile; fileRef = 52A272511D24EA5D0085D127 /* ViewController.m */; };
		52A272551D24EA5D0085D127 /* Main.storyboard in Resources */ = {isa = PBXBuildFile; fileRef = 52A272531D24EA5D0085D127 /* Main.storyboard */; };
		52A272571D24EA5D0085D127 /* Assets.xcassets in Resources */ = {isa = PBXBuildFile; fileRef = 52A272561D24EA5D0085D127 /* Assets.xcassets */; };
		52A2725A1D24EA5D0085D127 /* LaunchScreen.storyboard in Resources */ = {isa = PBXBuildFile; fileRef = 52A272581D24EA5D0085D127 /* LaunchScreen.storyboard */; };
/* End PBXBuildFile section */

/* Begin PBXFileReference section */
		528237F61D261C6A00DA0804 /* DTDownloader.h */ = {isa = PBXFileReference; fileEncoding = 4; lastKnownFileType = sourcecode.c.h; path = DTDownloader.h; sourceTree = "<group>"; };
		528237F71D261C6A00DA0804 /* DTDownloader.m */ = {isa = PBXFileReference; fileEncoding = 4; lastKnownFileType = sourcecode.c.objc; path = DTDownloader.m; sourceTree = "<group>"; };
		5296664A1D25170900C3B7CE /* DTFileAttribute.h */ = {isa = PBXFileReference; fileEncoding = 4; lastKnownFileType = sourcecode.c.h; path = DTFileAttribute.h; sourceTree = "<group>"; };
		5296664B1D25170900C3B7CE /* DTFileAttribute.m */ = {isa = PBXFileReference; fileEncoding = 4; lastKnownFileType = sourcecode.c.objc; path = DTFileAttribute.m; sourceTree = "<group>"; };
		5296664C1D25170900C3B7CE /* DTFileController+ALAssetsLibrary.h */ = {isa = PBXFileReference; fileEncoding = 4; lastKnownFileType = sourcecode.c.h; path = "DTFileController+ALAssetsLibrary.h"; sourceTree = "<group>"; };
		5296664D1D25170900C3B7CE /* DTFileController+ALAssetsLibrary.m */ = {isa = PBXFileReference; fileEncoding = 4; lastKnownFileType = sourcecode.c.objc; path = "DTFileController+ALAssetsLibrary.m"; sourceTree = "<group>"; };
		5296664E1D25170900C3B7CE /* DTFileController+EXIF.h */ = {isa = PBXFileReference; fileEncoding = 4; lastKnownFileType = sourcecode.c.h; path = "DTFileController+EXIF.h"; sourceTree = "<group>"; };
		5296664F1D25170900C3B7CE /* DTFileController+EXIF.m */ = {isa = PBXFileReference; fileEncoding = 4; lastKnownFileType = sourcecode.c.objc; path = "DTFileController+EXIF.m"; sourceTree = "<group>"; };
		529666501D25170900C3B7CE /* DTFileController.h */ = {isa = PBXFileReference; fileEncoding = 4; lastKnownFileType = sourcecode.c.h; path = DTFileController.h; sourceTree = "<group>"; };
		529666511D25170900C3B7CE /* DTFileController.m */ = {isa = PBXFileReference; fileEncoding = 4; lastKnownFileType = sourcecode.c.objc; path = DTFileController.m; sourceTree = "<group>"; };
		52A272471D24EA5C0085D127 /* FontDownloadTest.app */ = {isa = PBXFileReference; explicitFileType = wrapper.application; includeInIndex = 0; path = FontDownloadTest.app; sourceTree = BUILT_PRODUCTS_DIR; };
		52A2724B1D24EA5D0085D127 /* main.m */ = {isa = PBXFileReference; lastKnownFileType = sourcecode.c.objc; path = main.m; sourceTree = "<group>"; };
		52A2724D1D24EA5D0085D127 /* AppDelegate.h */ = {isa = PBXFileReference; lastKnownFileType = sourcecode.c.h; path = AppDelegate.h; sourceTree = "<group>"; };
		52A2724E1D24EA5D0085D127 /* AppDelegate.m */ = {isa = PBXFileReference; lastKnownFileType = sourcecode.c.objc; path = AppDelegate.m; sourceTree = "<group>"; };
		52A272501D24EA5D0085D127 /* ViewController.h */ = {isa = PBXFileReference; lastKnownFileType = sourcecode.c.h; path = ViewController.h; sourceTree = "<group>"; };
		52A272511D24EA5D0085D127 /* ViewController.m */ = {isa = PBXFileReference; lastKnownFileType = sourcecode.c.objc; path = ViewController.m; sourceTree = "<group>"; };
		52A272541D24EA5D0085D127 /* Base */ = {isa = PBXFileReference; lastKnownFileType = file.storyboard; name = Base; path = Base.lproj/Main.storyboard; sourceTree = "<group>"; };
		52A272561D24EA5D0085D127 /* Assets.xcassets */ = {isa = PBXFileReference; lastKnownFileType = folder.assetcatalog; path = Assets.xcassets; sourceTree = "<group>"; };
		52A272591D24EA5D0085D127 /* Base */ = {isa = PBXFileReference; lastKnownFileType = file.storyboard; name = Base; path = Base.lproj/LaunchScreen.storyboard; sourceTree = "<group>"; };
		52A2725B1D24EA5D0085D127 /* Info.plist */ = {isa = PBXFileReference; lastKnownFileType = text.plist.xml; path = Info.plist; sourceTree = "<group>"; };
/* End PBXFileReference section */

/* Begin PBXFrameworksBuildPhase section */
		52A272441D24EA5C0085D127 /* Frameworks */ = {
			isa = PBXFrameworksBuildPhase;
			buildActionMask = 2147483647;
			files = (
			);
			runOnlyForDeploymentPostprocessing = 0;
		};
/* End PBXFrameworksBuildPhase section */

/* Begin PBXGroup section */
		529666491D25170900C3B7CE /* DTFileController */ = {
			isa = PBXGroup;
			children = (
				5296664A1D25170900C3B7CE /* DTFileAttribute.h */,
				5296664B1D25170900C3B7CE /* DTFileAttribute.m */,
				5296664C1D25170900C3B7CE /* DTFileController+ALAssetsLibrary.h */,
				5296664D1D25170900C3B7CE /* DTFileController+ALAssetsLibrary.m */,
				5296664E1D25170900C3B7CE /* DTFileController+EXIF.h */,
				5296664F1D25170900C3B7CE /* DTFileController+EXIF.m */,
				529666501D25170900C3B7CE /* DTFileController.h */,
				529666511D25170900C3B7CE /* DTFileController.m */,
			);
			path = DTFileController;
			sourceTree = "<group>";
		};
		52A2723E1D24EA5C0085D127 = {
			isa = PBXGroup;
			children = (
				52A272491D24EA5D0085D127 /* FontDownloadTest */,
				52A272481D24EA5C0085D127 /* Products */,
			);
			sourceTree = "<group>";
		};
		52A272481D24EA5C0085D127 /* Products */ = {
			isa = PBXGroup;
			children = (
				52A272471D24EA5C0085D127 /* FontDownloadTest.app */,
			);
			name = Products;
			sourceTree = "<group>";
		};
		52A272491D24EA5D0085D127 /* FontDownloadTest */ = {
			isa = PBXGroup;
			children = (
				529666491D25170900C3B7CE /* DTFileController */,
				52A2724D1D24EA5D0085D127 /* AppDelegate.h */,
				52A2724E1D24EA5D0085D127 /* AppDelegate.m */,
				528237F61D261C6A00DA0804 /* DTDownloader.h */,
				528237F71D261C6A00DA0804 /* DTDownloader.m */,
				52A272501D24EA5D0085D127 /* ViewController.h */,
				52A272511D24EA5D0085D127 /* ViewController.m */,
				52A272531D24EA5D0085D127 /* Main.storyboard */,
				52A272561D24EA5D0085D127 /* Assets.xcassets */,
				52A272581D24EA5D0085D127 /* LaunchScreen.storyboard */,
				52A2725B1D24EA5D0085D127 /* Info.plist */,
				52A2724A1D24EA5D0085D127 /* Supporting Files */,
			);
			path = FontDownloadTest;
			sourceTree = "<group>";
		};
		52A2724A1D24EA5D0085D127 /* Supporting Files */ = {
			isa = PBXGroup;
			children = (
				52A2724B1D24EA5D0085D127 /* main.m */,
			);
			name = "Supporting Files";
			sourceTree = "<group>";
		};
/* End PBXGroup section */

/* Begin PBXNativeTarget section */
		52A272461D24EA5C0085D127 /* FontDownloadTest */ = {
			isa = PBXNativeTarget;
			buildConfigurationList = 52A2725E1D24EA5D0085D127 /* Build configuration list for PBXNativeTarget "FontDownloadTest" */;
			buildPhases = (
				52A272431D24EA5C0085D127 /* Sources */,
				52A272441D24EA5C0085D127 /* Frameworks */,
				52A272451D24EA5C0085D127 /* Resources */,
			);
			buildRules = (
			);
			dependencies = (
			);
			name = FontDownloadTest;
			productName = FontDownloadTest;
			productReference = 52A272471D24EA5C0085D127 /* FontDownloadTest.app */;
			productType = "com.apple.product-type.application";
		};
/* End PBXNativeTarget section */

/* Begin PBXProject section */
		52A2723F1D24EA5C0085D127 /* Project object */ = {
			isa = PBXProject;
			attributes = {
				LastUpgradeCheck = 0730;
				ORGANIZATIONNAME = Darktt;
				TargetAttributes = {
					52A272461D24EA5C0085D127 = {
						CreatedOnToolsVersion = 7.3.1;
					};
				};
			};
			buildConfigurationList = 52A272421D24EA5C0085D127 /* Build configuration list for PBXProject "FontDownloadTest" */;
			compatibilityVersion = "Xcode 3.2";
			developmentRegion = English;
			hasScannedForEncodings = 0;
			knownRegions = (
				en,
				Base,
			);
			mainGroup = 52A2723E1D24EA5C0085D127;
			productRefGroup = 52A272481D24EA5C0085D127 /* Products */;
			projectDirPath = "";
			projectRoot = "";
			targets = (
				52A272461D24EA5C0085D127 /* FontDownloadTest */,
			);
		};
/* End PBXProject section */

/* Begin PBXResourcesBuildPhase section */
		52A272451D24EA5C0085D127 /* Resources */ = {
			isa = PBXResourcesBuildPhase;
			buildActionMask = 2147483647;
			files = (
				52A2725A1D24EA5D0085D127 /* LaunchScreen.storyboard in Resources */,
				52A272571D24EA5D0085D127 /* Assets.xcassets in Resources */,
				52A272551D24EA5D0085D127 /* Main.storyboard in Resources */,
			);
			runOnlyForDeploymentPostprocessing = 0;
		};
/* End PBXResourcesBuildPhase section */

/* Begin PBXSourcesBuildPhase section */
		52A272431D24EA5C0085D127 /* Sources */ = {
			isa = PBXSourcesBuildPhase;
			buildActionMask = 2147483647;
			files = (
				528237F81D261C6A00DA0804 /* DTDownloader.m in Sources */,
				529666521D25170900C3B7CE /* DTFileAttribute.m in Sources */,
				529666531D25170900C3B7CE /* DTFileController+ALAssetsLibrary.m in Sources */,
				52A272521D24EA5D0085D127 /* ViewController.m in Sources */,
				529666551D25170900C3B7CE /* DTFileController.m in Sources */,
				52A2724F1D24EA5D0085D127 /* AppDelegate.m in Sources */,
				52A2724C1D24EA5D0085D127 /* main.m in Sources */,
				529666541D25170900C3B7CE /* DTFileController+EXIF.m in Sources */,
			);
			runOnlyForDeploymentPostprocessing = 0;
		};
/* End PBXSourcesBuildPhase section */

/* Begin PBXVariantGroup section */
		52A272531D24EA5D0085D127 /* Main.storyboard */ = {
			isa = PBXVariantGroup;
			children = (
				52A272541D24EA5D0085D127 /* Base */,
			);
			name = Main.storyboard;
			sourceTree = "<group>";
		};
		52A272581D24EA5D0085D127 /* LaunchScreen.storyboard */ = {
			isa = PBXVariantGroup;
			children = (
				52A272591D24EA5D0085D127 /* Base */,
			);
			name = LaunchScreen.storyboard;
			sourceTree = "<group>";
		};
/* End PBXVariantGroup section */

/* Begin XCBuildConfiguration section */
		52A2725C1D24EA5D0085D127 /* Debug */ = {
			isa = XCBuildConfiguration;
			buildSettings = {
				ALWAYS_SEARCH_USER_PATHS = NO;
				CLANG_ANALYZER_NONNULL = YES;
				CLANG_CXX_LANGUAGE_STANDARD = "gnu++0x";
				CLANG_CXX_LIBRARY = "libc++";
				CLANG_ENABLE_MODULES = YES;
				CLANG_ENABLE_OBJC_ARC = YES;
				CLANG_WARN_BOOL_CONVERSION = YES;
				CLANG_WARN_CONSTANT_CONVERSION = YES;
				CLANG_WARN_DIRECT_OBJC_ISA_USAGE = YES_ERROR;
				CLANG_WARN_EMPTY_BODY = YES;
				CLANG_WARN_ENUM_CONVERSION = YES;
				CLANG_WARN_INT_CONVERSION = YES;
				CLANG_WARN_OBJC_ROOT_CLASS = YES_ERROR;
				CLANG_WARN_UNREACHABLE_CODE = YES;
				CLANG_WARN__DUPLICATE_METHOD_MATCH = YES;
				"CODE_SIGN_IDENTITY[sdk=iphoneos*]" = "iPhone Developer";
				COPY_PHASE_STRIP = NO;
				DEBUG_INFORMATION_FORMAT = dwarf;
				ENABLE_STRICT_OBJC_MSGSEND = YES;
				ENABLE_TESTABILITY = YES;
				GCC_C_LANGUAGE_STANDARD = gnu99;
				GCC_DYNAMIC_NO_PIC = NO;
				GCC_NO_COMMON_BLOCKS = YES;
				GCC_OPTIMIZATION_LEVEL = 0;
				GCC_PREPROCESSOR_DEFINITIONS = (
					"DEBUG=1",
					"$(inherited)",
				);
				GCC_WARN_64_TO_32_BIT_CONVERSION = YES;
				GCC_WARN_ABOUT_RETURN_TYPE = YES_ERROR;
				GCC_WARN_UNDECLARED_SELECTOR = YES;
				GCC_WARN_UNINITIALIZED_AUTOS = YES_AGGRESSIVE;
				GCC_WARN_UNUSED_FUNCTION = YES;
				GCC_WARN_UNUSED_VARIABLE = YES;
				IPHONEOS_DEPLOYMENT_TARGET = 9.3;
				MTL_ENABLE_DEBUG_INFO = YES;
				ONLY_ACTIVE_ARCH = YES;
				SDKROOT = iphoneos;
			};
			name = Debug;
		};
		52A2725D1D24EA5D0085D127 /* Release */ = {
			isa = XCBuildConfiguration;
			buildSettings = {
				ALWAYS_SEARCH_USER_PATHS = NO;
				CLANG_ANALYZER_NONNULL = YES;
				CLANG_CXX_LANGUAGE_STANDARD = "gnu++0x";
				CLANG_CXX_LIBRARY = "libc++";
				CLANG_ENABLE_MODULES = YES;
				CLANG_ENABLE_OBJC_ARC = YES;
				CLANG_WARN_BOOL_CONVERSION = YES;
				CLANG_WARN_CONSTANT_CONVERSION = YES;
				CLANG_WARN_DIRECT_OBJC_ISA_USAGE = YES_ERROR;
				CLANG_WARN_EMPTY_BODY = YES;
				CLANG_WARN_ENUM_CONVERSION = YES;
				CLANG_WARN_INT_CONVERSION = YES;
				CLANG_WARN_OBJC_ROOT_CLASS = YES_ERROR;
				CLANG_WARN_UNREACHABLE_CODE = YES;
				CLANG_WARN__DUPLICATE_METHOD_MATCH = YES;
				"CODE_SIGN_IDENTITY[sdk=iphoneos*]" = "iPhone Developer";
				COPY_PHASE_STRIP = NO;
				DEBUG_INFORMATION_FORMAT = "dwarf-with-dsym";
				ENABLE_NS_ASSERTIONS = NO;
				ENABLE_STRICT_OBJC_MSGSEND = YES;
				GCC_C_LANGUAGE_STANDARD = gnu99;
				GCC_NO_COMMON_BLOCKS = YES;
				GCC_WARN_64_TO_32_BIT_CONVERSION = YES;
				GCC_WARN_ABOUT_RETURN_TYPE = YES_ERROR;
				GCC_WARN_UNDECLARED_SELECTOR = YES;
				GCC_WARN_UNINITIALIZED_AUTOS = YES_AGGRESSIVE;
				GCC_WARN_UNUSED_FUNCTION = YES;
				GCC_WARN_UNUSED_VARIABLE = YES;
				IPHONEOS_DEPLOYMENT_TARGET = 9.3;
				MTL_ENABLE_DEBUG_INFO = NO;
				SDKROOT = iphoneos;
				VALIDATE_PRODUCT = YES;
			};
			name = Release;
		};
		52A2725F1D24EA5D0085D127 /* Debug */ = {
			isa = XCBuildConfiguration;
			buildSettings = {
				ASSETCATALOG_COMPILER_APPICON_NAME = AppIcon;
				INFOPLIST_FILE = FontDownloadTest/Info.plist;
				LD_RUNPATH_SEARCH_PATHS = "$(inherited) @executable_path/Frameworks";
				PRODUCT_BUNDLE_IDENTIFIER = com.darktt.FontDownloadTest;
				PRODUCT_NAME = "$(TARGET_NAME)";
			};
			name = Debug;
		};
		52A272601D24EA5D0085D127 /* Release */ = {
			isa = XCBuildConfiguration;
			buildSettings = {
				ASSETCATALOG_COMPILER_APPICON_NAME = AppIcon;
				INFOPLIST_FILE = FontDownloadTest/Info.plist;
				LD_RUNPATH_SEARCH_PATHS = "$(inherited) @executable_path/Frameworks";
				PRODUCT_BUNDLE_IDENTIFIER = com.darktt.FontDownloadTest;
				PRODUCT_NAME = "$(TARGET_NAME)";
			};
			name = Release;
		};
/* End XCBuildConfiguration section */

/* Begin XCConfigurationList section */
		52A272421D24EA5C0085D127 /* Build configuration list for PBXProject "FontDownloadTest" */ = {
			isa = XCConfigurationList;
			buildConfigurations = (
				52A2725C1D24EA5D0085D127 /* Debug */,
				52A2725D1D24EA5D0085D127 /* Release */,
			);
			defaultConfigurationIsVisible = 0;
			defaultConfigurationName = Release;
		};
		52A2725E1D24EA5D0085D127 /* Build configuration list for PBXNativeTarget "FontDownloadTest" */ = {
			isa = XCConfigurationList;
			buildConfigurations = (
				52A2725F1D24EA5D0085D127 /* Debug */,
				52A272601D24EA5D0085D127 /* Release */,
			);
			defaultConfigurationIsVisible = 0;
			defaultConfigurationName = Release;
		};
/* End XCConfigurationList section */
	};
	rootObject = 52A2723F1D24EA5C0085D127 /* Project object */;
}
